
Microsoft Visual Studio Solution File, Format Version 12.00
# Visual Studio Version 17
VisualStudioVersion = 17.8.34511.84
MinimumVisualStudioVersion = 10.0.40219.1
Project("{9A19103F-16F7-4668-BE54-9A1E7A4F7556}") = "InputFromKeyboard", "InputFromKeyboard\InputFromKeyboard.csproj", "{9F18948D-A7C5-461B-A7C2-21298CCD37BB}"
EndProject
Project("{9A19103F-16F7-4668-BE54-9A1E7A4F7556}") = "Palindrome", "Palindrome\Palindrome.csproj", "{858FE019-3E23-4145-B89C-7E8A3C87BAB8}"
EndProject
Project("{9A19103F-16F7-4668-BE54-9A1E7A4F7556}") = "Compression1", "Compression1\Compression1.csproj", "{0222FC12-A3D0-43B4-BC9F-1874A622EC81}"
EndProject
Project("{9A19103F-16F7-4668-BE54-9A1E7A4F7556}") = "PatternDrawing", "PatternDrawing\PatternDrawing.csproj", "{CBB71868-9A8B-4F58-A6E6-8AE8F1FA41DF}"
EndProject
Project("{9A19103F-16F7-4668-BE54-9A1E7A4F7556}") = "Binary", "Binary\Binary\Binary.csproj", "{F9998866-F508-4A30-BB32-879ED55C4D0B}"
EndProject
Project("{9A19103F-16F7-4668-BE54-9A1E7A4F7556}") = "NumberFrequency", "NumberFrequency\NumberFrequency\NumberFrequency.csproj", "{C5E0B6EA-5404-47A5-B739-A12AAC8B7DCD}"
EndProject
Global
	GlobalSection(SolutionConfigurationPlatforms) = preSolution
		Debug|Any CPU = Debug|Any CPU
		Release|Any CPU = Release|Any CPU
	EndGlobalSection
	GlobalSection(ProjectConfigurationPlatforms) = postSolution
		{9F18948D-A7C5-461B-A7C2-21298CCD37BB}.Debug|Any CPU.ActiveCfg = Debug|Any CPU
		{9F18948D-A7C5-461B-A7C2-21298CCD37BB}.Debug|Any CPU.Build.0 = Debug|Any CPU
		{9F18948D-A7C5-461B-A7C2-21298CCD37BB}.Release|Any CPU.ActiveCfg = Release|Any CPU
		{9F18948D-A7C5-461B-A7C2-21298CCD37BB}.Release|Any CPU.Build.0 = Release|Any CPU
		{858FE019-3E23-4145-B89C-7E8A3C87BAB8}.Debug|Any CPU.ActiveCfg = Debug|Any CPU
		{858FE019-3E23-4145-B89C-7E8A3C87BAB8}.Debug|Any CPU.Build.0 = Debug|Any CPU
		{858FE019-3E23-4145-B89C-7E8A3C87BAB8}.Release|Any CPU.ActiveCfg = Release|Any CPU
		{858FE019-3E23-4145-B89C-7E8A3C87BAB8}.Release|Any CPU.Build.0 = Release|Any CPU
		{0222FC12-A3D0-43B4-BC9F-1874A622EC81}.Debug|Any CPU.ActiveCfg = Debug|Any CPU
		{0222FC12-A3D0-43B4-BC9F-1874A622EC81}.Debug|Any CPU.Build.0 = Debug|Any CPU
		{0222FC12-A3D0-43B4-BC9F-1874A622EC81}.Release|Any CPU.ActiveCfg = Release|Any CPU
		{0222FC12-A3D0-43B4-BC9F-1874A622EC81}.Release|Any CPU.Build.0 = Release|Any CPU
		{CBB71868-9A8B-4F58-A6E6-8AE8F1FA41DF}.Debug|Any CPU.ActiveCfg = Debug|Any CPU
		{CBB71868-9A8B-4F58-A6E6-8AE8F1FA41DF}.Debug|Any CPU.Build.0 = Debug|Any CPU
		{CBB71868-9A8B-4F58-A6E6-8AE8F1FA41DF}.Release|Any CPU.ActiveCfg = Release|Any CPU
		{CBB71868-9A8B-4F58-A6E6-8AE8F1FA41DF}.Release|Any CPU.Build.0 = Release|Any CPU
		{F9998866-F508-4A30-BB32-879ED55C4D0B}.Debug|Any CPU.ActiveCfg = Debug|Any CPU
		{F9998866-F508-4A30-BB32-879ED55C4D0B}.Debug|Any CPU.Build.0 = Debug|Any CPU
		{F9998866-F508-4A30-BB32-879ED55C4D0B}.Release|Any CPU.ActiveCfg = Release|Any CPU
		{F9998866-F508-4A30-BB32-879ED55C4D0B}.Release|Any CPU.Build.0 = Release|Any CPU
		{C5E0B6EA-5404-47A5-B739-A12AAC8B7DCD}.Debug|Any CPU.ActiveCfg = Debug|Any CPU
		{C5E0B6EA-5404-47A5-B739-A12AAC8B7DCD}.Debug|Any CPU.Build.0 = Debug|Any CPU
		{C5E0B6EA-5404-47A5-B739-A12AAC8B7DCD}.Release|Any CPU.ActiveCfg = Release|Any CPU
		{C5E0B6EA-5404-47A5-B739-A12AAC8B7DCD}.Release|Any CPU.Build.0 = Release|Any CPU
	EndGlobalSection
	GlobalSection(SolutionProperties) = preSolution
		HideSolutionNode = FALSE
	EndGlobalSection
	GlobalSection(ExtensibilityGlobals) = postSolution
		SolutionGuid = {2337CF1D-B14E-4F87-A009-3F601B51EFA6}
	EndGlobalSection
EndGlobal
