
Microsoft Visual Studio Solution File, Format Version 12.00
# Visual Studio Version 17
VisualStudioVersion = 17.8.34511.84
MinimumVisualStudioVersion = 10.0.40219.1
Project("{9A19103F-16F7-4668-BE54-9A1E7A4F7556}") = "InputFromKeyboard", "InputFromKeyboard\InputFromKeyboard.csproj", "{9F18948D-A7C5-461B-A7C2-21298CCD37BB}"
EndProject
Project("{9A19103F-16F7-4668-BE54-9A1E7A4F7556}") = "Palindrome", "Palindrome\Palindrome.csproj", "{858FE019-3E23-4145-B89C-7E8A3C87BAB8}"
EndProject
Project("{9A19103F-16F7-4668-BE54-9A1E7A4F7556}") = "Compression1", "Compression1\Compression1.csproj", "{0222FC12-A3D0-43B4-BC9F-1874A622EC81}"
EndProject
Project("{9A19103F-16F7-4668-BE54-9A1E7A4F7556}") = "PatternDrawing", "PatternDrawing\PatternDrawing.csproj", "{CBB71868-9A8B-4F58-A6E6-8AE8F1FA41DF}"
EndProject
Project("{9A19103F-16F7-4668-BE54-9A1E7A4F7556}") = "Binary", "Binary\Binary\Binary.csproj", "{F9998866-F508-4A30-BB32-879ED55C4D0B}"
EndProject
Project("{9A19103F-16F7-4668-BE54-9A1E7A4F7556}") = "NumberFrequency", "NumberFrequency\NumberFrequency\NumberFrequency.csproj", "{C5E0B6EA-5404-47A5-B739-A12AAC8B7DCD}"
EndProject
Project("{9A19103F-16F7-4668-BE54-9A1E7A4F7556}") = "StudentGrades", "StudentGrades\StudentGrades\StudentGrades.csproj", "{1C8DA442-9DFD-435E-A12F-6CB7BDD0A574}"
EndProject
Project("{9A19103F-16F7-4668-BE54-9A1E7A4F7556}") = "Phonebook", "Phonebook\Phonebook\Phonebook.csproj", "{4FA9D66E-8288-40AC-90A9-53D31D96769B}"
EndProject
Project("{9A19103F-16F7-4668-BE54-9A1E7A4F7556}") = "TaskProcessing", "TaskProcessing\TaskProcessing\TaskProcessing.csproj", "{790A743D-5211-4CF3-9F6A-2F5463341915}"
EndProject
Project("{9A19103F-16F7-4668-BE54-9A1E7A4F7556}") = "Fruits", "Fruits\Fruits.csproj", "{407F7423-7F8B-4600-9753-72BE607CDB7B}"
EndProject
Project("{9A19103F-16F7-4668-BE54-9A1E7A4F7556}") = "BrowserHistory", "BrowserHistory\BrowserHistory.csproj", "{B9F7E6A4-DDB0-494B-9D85-E71CA535FCAC}"
EndProject
Project("{9A19103F-16F7-4668-BE54-9A1E7A4F7556}") = "CollectionOfObjects", "CollectionOfObjects\CollectionOfObjects.csproj", "{94CFD447-C28E-4110-BE25-EC5483A6273F}"
EndProject
Project("{9A19103F-16F7-4668-BE54-9A1E7A4F7556}") = "UniqueIDs", "UniqueIDs\UniqueIDs.csproj", "{C81DF74B-97FD-4DE3-9729-8A0721F4429B}"
EndProject
Project("{9A19103F-16F7-4668-BE54-9A1E7A4F7556}") = "FileExplorer", "FileExplorer\FileExplorer.csproj", "{E564E0A5-798D-41A5-90CB-1F6EB4E57ED0}"
EndProject
Project("{9A19103F-16F7-4668-BE54-9A1E7A4F7556}") = "Zoo", "Zoo\Zoo.csproj", "{18B60750-E050-4D6A-9663-CBD66AF9A5B1}"
EndProject
Project("{9A19103F-16F7-4668-BE54-9A1E7A4F7556}") = "OnlineBookstore", "OnlineBookstore\OnlineBookstore\OnlineBookstore.csproj", "{E98F0930-EE83-4C73-B93A-B6CB1D0972F5}"
EndProject
Project("{9A19103F-16F7-4668-BE54-9A1E7A4F7556}") = "AnimalSimulation", "AnimalSimulation\AnimalSimulation.csproj", "{52A8D0C9-8778-4F06-BA0F-28E039758A5B}"
EndProject
Project("{FAE04EC0-301F-11D3-BF4B-00C04F79EFBC}") = "ConsoleApp1", "ConsoleApp1\ConsoleApp1.csproj", "{CC21C306-F614-4739-9B44-93F83FE1F1B9}"
EndProject
Global
	GlobalSection(SolutionConfigurationPlatforms) = preSolution
		Debug|Any CPU = Debug|Any CPU
		Release|Any CPU = Release|Any CPU
	EndGlobalSection
	GlobalSection(ProjectConfigurationPlatforms) = postSolution
		{9F18948D-A7C5-461B-A7C2-21298CCD37BB}.Debug|Any CPU.ActiveCfg = Debug|Any CPU
		{9F18948D-A7C5-461B-A7C2-21298CCD37BB}.Debug|Any CPU.Build.0 = Debug|Any CPU
		{9F18948D-A7C5-461B-A7C2-21298CCD37BB}.Release|Any CPU.ActiveCfg = Release|Any CPU
		{9F18948D-A7C5-461B-A7C2-21298CCD37BB}.Release|Any CPU.Build.0 = Release|Any CPU
		{858FE019-3E23-4145-B89C-7E8A3C87BAB8}.Debug|Any CPU.ActiveCfg = Debug|Any CPU
		{858FE019-3E23-4145-B89C-7E8A3C87BAB8}.Debug|Any CPU.Build.0 = Debug|Any CPU
		{858FE019-3E23-4145-B89C-7E8A3C87BAB8}.Release|Any CPU.ActiveCfg = Release|Any CPU
		{858FE019-3E23-4145-B89C-7E8A3C87BAB8}.Release|Any CPU.Build.0 = Release|Any CPU
		{0222FC12-A3D0-43B4-BC9F-1874A622EC81}.Debug|Any CPU.ActiveCfg = Debug|Any CPU
		{0222FC12-A3D0-43B4-BC9F-1874A622EC81}.Debug|Any CPU.Build.0 = Debug|Any CPU
		{0222FC12-A3D0-43B4-BC9F-1874A622EC81}.Release|Any CPU.ActiveCfg = Release|Any CPU
		{0222FC12-A3D0-43B4-BC9F-1874A622EC81}.Release|Any CPU.Build.0 = Release|Any CPU
		{CBB71868-9A8B-4F58-A6E6-8AE8F1FA41DF}.Debug|Any CPU.ActiveCfg = Debug|Any CPU
		{CBB71868-9A8B-4F58-A6E6-8AE8F1FA41DF}.Debug|Any CPU.Build.0 = Debug|Any CPU
		{CBB71868-9A8B-4F58-A6E6-8AE8F1FA41DF}.Release|Any CPU.ActiveCfg = Release|Any CPU
		{CBB71868-9A8B-4F58-A6E6-8AE8F1FA41DF}.Release|Any CPU.Build.0 = Release|Any CPU
		{F9998866-F508-4A30-BB32-879ED55C4D0B}.Debug|Any CPU.ActiveCfg = Debug|Any CPU
		{F9998866-F508-4A30-BB32-879ED55C4D0B}.Debug|Any CPU.Build.0 = Debug|Any CPU
		{F9998866-F508-4A30-BB32-879ED55C4D0B}.Release|Any CPU.ActiveCfg = Release|Any CPU
		{F9998866-F508-4A30-BB32-879ED55C4D0B}.Release|Any CPU.Build.0 = Release|Any CPU
		{C5E0B6EA-5404-47A5-B739-A12AAC8B7DCD}.Debug|Any CPU.ActiveCfg = Debug|Any CPU
		{C5E0B6EA-5404-47A5-B739-A12AAC8B7DCD}.Debug|Any CPU.Build.0 = Debug|Any CPU
		{C5E0B6EA-5404-47A5-B739-A12AAC8B7DCD}.Release|Any CPU.ActiveCfg = Release|Any CPU
		{C5E0B6EA-5404-47A5-B739-A12AAC8B7DCD}.Release|Any CPU.Build.0 = Release|Any CPU
		{1C8DA442-9DFD-435E-A12F-6CB7BDD0A574}.Debug|Any CPU.ActiveCfg = Debug|Any CPU
		{1C8DA442-9DFD-435E-A12F-6CB7BDD0A574}.Debug|Any CPU.Build.0 = Debug|Any CPU
		{1C8DA442-9DFD-435E-A12F-6CB7BDD0A574}.Release|Any CPU.ActiveCfg = Release|Any CPU
		{1C8DA442-9DFD-435E-A12F-6CB7BDD0A574}.Release|Any CPU.Build.0 = Release|Any CPU
		{4FA9D66E-8288-40AC-90A9-53D31D96769B}.Debug|Any CPU.ActiveCfg = Debug|Any CPU
		{4FA9D66E-8288-40AC-90A9-53D31D96769B}.Debug|Any CPU.Build.0 = Debug|Any CPU
		{4FA9D66E-8288-40AC-90A9-53D31D96769B}.Release|Any CPU.ActiveCfg = Release|Any CPU
		{4FA9D66E-8288-40AC-90A9-53D31D96769B}.Release|Any CPU.Build.0 = Release|Any CPU
		{790A743D-5211-4CF3-9F6A-2F5463341915}.Debug|Any CPU.ActiveCfg = Debug|Any CPU
		{790A743D-5211-4CF3-9F6A-2F5463341915}.Debug|Any CPU.Build.0 = Debug|Any CPU
		{790A743D-5211-4CF3-9F6A-2F5463341915}.Release|Any CPU.ActiveCfg = Release|Any CPU
		{790A743D-5211-4CF3-9F6A-2F5463341915}.Release|Any CPU.Build.0 = Release|Any CPU
		{407F7423-7F8B-4600-9753-72BE607CDB7B}.Debug|Any CPU.ActiveCfg = Debug|Any CPU
		{407F7423-7F8B-4600-9753-72BE607CDB7B}.Debug|Any CPU.Build.0 = Debug|Any CPU
		{407F7423-7F8B-4600-9753-72BE607CDB7B}.Release|Any CPU.ActiveCfg = Release|Any CPU
		{407F7423-7F8B-4600-9753-72BE607CDB7B}.Release|Any CPU.Build.0 = Release|Any CPU
		{B9F7E6A4-DDB0-494B-9D85-E71CA535FCAC}.Debug|Any CPU.ActiveCfg = Debug|Any CPU
		{B9F7E6A4-DDB0-494B-9D85-E71CA535FCAC}.Debug|Any CPU.Build.0 = Debug|Any CPU
		{B9F7E6A4-DDB0-494B-9D85-E71CA535FCAC}.Release|Any CPU.ActiveCfg = Release|Any CPU
		{B9F7E6A4-DDB0-494B-9D85-E71CA535FCAC}.Release|Any CPU.Build.0 = Release|Any CPU
		{94CFD447-C28E-4110-BE25-EC5483A6273F}.Debug|Any CPU.ActiveCfg = Debug|Any CPU
		{94CFD447-C28E-4110-BE25-EC5483A6273F}.Debug|Any CPU.Build.0 = Debug|Any CPU
		{94CFD447-C28E-4110-BE25-EC5483A6273F}.Release|Any CPU.ActiveCfg = Release|Any CPU
		{94CFD447-C28E-4110-BE25-EC5483A6273F}.Release|Any CPU.Build.0 = Release|Any CPU
		{C81DF74B-97FD-4DE3-9729-8A0721F4429B}.Debug|Any CPU.ActiveCfg = Debug|Any CPU
		{C81DF74B-97FD-4DE3-9729-8A0721F4429B}.Debug|Any CPU.Build.0 = Debug|Any CPU
		{C81DF74B-97FD-4DE3-9729-8A0721F4429B}.Release|Any CPU.ActiveCfg = Release|Any CPU
		{C81DF74B-97FD-4DE3-9729-8A0721F4429B}.Release|Any CPU.Build.0 = Release|Any CPU
		{E564E0A5-798D-41A5-90CB-1F6EB4E57ED0}.Debug|Any CPU.ActiveCfg = Debug|Any CPU
		{E564E0A5-798D-41A5-90CB-1F6EB4E57ED0}.Debug|Any CPU.Build.0 = Debug|Any CPU
		{E564E0A5-798D-41A5-90CB-1F6EB4E57ED0}.Release|Any CPU.ActiveCfg = Release|Any CPU
		{E564E0A5-798D-41A5-90CB-1F6EB4E57ED0}.Release|Any CPU.Build.0 = Release|Any CPU
		{18B60750-E050-4D6A-9663-CBD66AF9A5B1}.Debug|Any CPU.ActiveCfg = Debug|Any CPU
		{18B60750-E050-4D6A-9663-CBD66AF9A5B1}.Debug|Any CPU.Build.0 = Debug|Any CPU
		{18B60750-E050-4D6A-9663-CBD66AF9A5B1}.Release|Any CPU.ActiveCfg = Release|Any CPU
		{18B60750-E050-4D6A-9663-CBD66AF9A5B1}.Release|Any CPU.Build.0 = Release|Any CPU
		{E98F0930-EE83-4C73-B93A-B6CB1D0972F5}.Debug|Any CPU.ActiveCfg = Debug|Any CPU
		{E98F0930-EE83-4C73-B93A-B6CB1D0972F5}.Debug|Any CPU.Build.0 = Debug|Any CPU
		{E98F0930-EE83-4C73-B93A-B6CB1D0972F5}.Release|Any CPU.ActiveCfg = Release|Any CPU
		{E98F0930-EE83-4C73-B93A-B6CB1D0972F5}.Release|Any CPU.Build.0 = Release|Any CPU
		{52A8D0C9-8778-4F06-BA0F-28E039758A5B}.Debug|Any CPU.ActiveCfg = Debug|Any CPU
		{52A8D0C9-8778-4F06-BA0F-28E039758A5B}.Debug|Any CPU.Build.0 = Debug|Any CPU
		{52A8D0C9-8778-4F06-BA0F-28E039758A5B}.Release|Any CPU.ActiveCfg = Release|Any CPU
		{52A8D0C9-8778-4F06-BA0F-28E039758A5B}.Release|Any CPU.Build.0 = Release|Any CPU
		{CC21C306-F614-4739-9B44-93F83FE1F1B9}.Debug|Any CPU.ActiveCfg = Debug|Any CPU
		{CC21C306-F614-4739-9B44-93F83FE1F1B9}.Debug|Any CPU.Build.0 = Debug|Any CPU
		{CC21C306-F614-4739-9B44-93F83FE1F1B9}.Release|Any CPU.ActiveCfg = Release|Any CPU
		{CC21C306-F614-4739-9B44-93F83FE1F1B9}.Release|Any CPU.Build.0 = Release|Any CPU
	EndGlobalSection
	GlobalSection(SolutionProperties) = preSolution
		HideSolutionNode = FALSE
	EndGlobalSection
	GlobalSection(ExtensibilityGlobals) = postSolution
		SolutionGuid = {2337CF1D-B14E-4F87-A009-3F601B51EFA6}
	EndGlobalSection
EndGlobal
